
Microsoft Visual Studio Solution File, Format Version 12.00
# Visual Studio Version 17
VisualStudioVersion = 17.12.35514.174
MinimumVisualStudioVersion = 10.0.40219.1
Project("{FAE04EC0-301F-11D3-BF4B-00C04F79EFBC}") = "Proje01_NotKayitSistemi", "Proje01_NotKayitSistemi\Proje01_NotKayitSistemi.csproj", "{3B4448F6-FEFF-422A-975A-1263CEF84B0E}"
EndProject
Project("{FAE04EC0-301F-11D3-BF4B-00C04F79EFBC}") = "Proje02_VeriTabanliPartiSecimGrafikIstatistik", "Proje02_VeriTabanliPartiSecimGrafikIstatistik\Proje02_VeriTabanliPartiSecimGrafikIstatistik.csproj", "{EB8F143F-8C74-4B19-A418-5BCF0CDD1E49}"
EndProject
Project("{FAE04EC0-301F-11D3-BF4B-00C04F79EFBC}") = "Proje03_Passaparola", "Proje03_Passaparola\Proje03_Passaparola.csproj", "{45F6714A-817C-4C74-AA04-201B9C8F2912}"
EndProject
Project("{FAE04EC0-301F-11D3-BF4B-00C04F79EFBC}") = "Proje04_DovizOfisi", "Proje04_DovizOfisi\Proje04_DovizOfisi.csproj", "{3A8CD68A-C1BD-4EC8-B1F8-B51315F247A8}"
EndProject
Project("{FAE04EC0-301F-11D3-BF4B-00C04F79EFBC}") = "Proje05_FilmArsivim", "Proje05_FilmArsivim\Proje05_FilmArsivim.csproj", "{6C46768E-3C88-4273-B801-5372C871DBDE}"
EndProject
Project("{FAE04EC0-301F-11D3-BF4B-00C04F79EFBC}") = "Proje06_IliskiliHareketler", "Proje06_IliskiliHareketler\Proje06_IliskiliHareketler.csproj", "{6DF5D699-DE4D-46A3-8309-949153FB5B41}"
EndProject
Project("{FAE04EC0-301F-11D3-BF4B-00C04F79EFBC}") = "Proje07_KelimeOgren", "Proje07_KelimeOgren\Proje07_KelimeOgren.csproj", "{D0E370A6-79BD-4FC8-863A-39A02D3F9996}"
EndProject
Global
	GlobalSection(SolutionConfigurationPlatforms) = preSolution
		Debug|Any CPU = Debug|Any CPU
		Release|Any CPU = Release|Any CPU
	EndGlobalSection
	GlobalSection(ProjectConfigurationPlatforms) = postSolution
		{3B4448F6-FEFF-422A-975A-1263CEF84B0E}.Debug|Any CPU.ActiveCfg = Debug|Any CPU
		{3B4448F6-FEFF-422A-975A-1263CEF84B0E}.Debug|Any CPU.Build.0 = Debug|Any CPU
		{3B4448F6-FEFF-422A-975A-1263CEF84B0E}.Release|Any CPU.ActiveCfg = Release|Any CPU
		{3B4448F6-FEFF-422A-975A-1263CEF84B0E}.Release|Any CPU.Build.0 = Release|Any CPU
		{EB8F143F-8C74-4B19-A418-5BCF0CDD1E49}.Debug|Any CPU.ActiveCfg = Debug|Any CPU
		{EB8F143F-8C74-4B19-A418-5BCF0CDD1E49}.Debug|Any CPU.Build.0 = Debug|Any CPU
		{EB8F143F-8C74-4B19-A418-5BCF0CDD1E49}.Release|Any CPU.ActiveCfg = Release|Any CPU
		{EB8F143F-8C74-4B19-A418-5BCF0CDD1E49}.Release|Any CPU.Build.0 = Release|Any CPU
		{45F6714A-817C-4C74-AA04-201B9C8F2912}.Debug|Any CPU.ActiveCfg = Debug|Any CPU
		{45F6714A-817C-4C74-AA04-201B9C8F2912}.Debug|Any CPU.Build.0 = Debug|Any CPU
		{45F6714A-817C-4C74-AA04-201B9C8F2912}.Release|Any CPU.ActiveCfg = Release|Any CPU
		{45F6714A-817C-4C74-AA04-201B9C8F2912}.Release|Any CPU.Build.0 = Release|Any CPU
		{3A8CD68A-C1BD-4EC8-B1F8-B51315F247A8}.Debug|Any CPU.ActiveCfg = Debug|Any CPU
		{3A8CD68A-C1BD-4EC8-B1F8-B51315F247A8}.Debug|Any CPU.Build.0 = Debug|Any CPU
		{3A8CD68A-C1BD-4EC8-B1F8-B51315F247A8}.Release|Any CPU.ActiveCfg = Release|Any CPU
		{3A8CD68A-C1BD-4EC8-B1F8-B51315F247A8}.Release|Any CPU.Build.0 = Release|Any CPU
		{6C46768E-3C88-4273-B801-5372C871DBDE}.Debug|Any CPU.ActiveCfg = Debug|Any CPU
		{6C46768E-3C88-4273-B801-5372C871DBDE}.Debug|Any CPU.Build.0 = Debug|Any CPU
		{6C46768E-3C88-4273-B801-5372C871DBDE}.Release|Any CPU.ActiveCfg = Release|Any CPU
		{6C46768E-3C88-4273-B801-5372C871DBDE}.Release|Any CPU.Build.0 = Release|Any CPU
		{6DF5D699-DE4D-46A3-8309-949153FB5B41}.Debug|Any CPU.ActiveCfg = Debug|Any CPU
		{6DF5D699-DE4D-46A3-8309-949153FB5B41}.Debug|Any CPU.Build.0 = Debug|Any CPU
		{6DF5D699-DE4D-46A3-8309-949153FB5B41}.Release|Any CPU.ActiveCfg = Release|Any CPU
		{6DF5D699-DE4D-46A3-8309-949153FB5B41}.Release|Any CPU.Build.0 = Release|Any CPU
		{D0E370A6-79BD-4FC8-863A-39A02D3F9996}.Debug|Any CPU.ActiveCfg = Debug|Any CPU
		{D0E370A6-79BD-4FC8-863A-39A02D3F9996}.Debug|Any CPU.Build.0 = Debug|Any CPU
		{D0E370A6-79BD-4FC8-863A-39A02D3F9996}.Release|Any CPU.ActiveCfg = Release|Any CPU
		{D0E370A6-79BD-4FC8-863A-39A02D3F9996}.Release|Any CPU.Build.0 = Release|Any CPU
	EndGlobalSection
	GlobalSection(SolutionProperties) = preSolution
		HideSolutionNode = FALSE
	EndGlobalSection
	GlobalSection(ExtensibilityGlobals) = postSolution
		SolutionGuid = {30DEA0F5-DCA2-4ACA-B65F-9BFAB09EF0A9}
	EndGlobalSection
EndGlobal
