
Microsoft Visual Studio Solution File, Format Version 12.00
# Visual Studio Version 17
VisualStudioVersion = 17.12.35514.174
MinimumVisualStudioVersion = 10.0.40219.1
Project("{FAE04EC0-301F-11D3-BF4B-00C04F79EFBC}") = "Proje01_NotKayitSistemi", "Proje01_NotKayitSistemi\Proje01_NotKayitSistemi.csproj", "{3B4448F6-FEFF-422A-975A-1263CEF84B0E}"
EndProject
Project("{FAE04EC0-301F-11D3-BF4B-00C04F79EFBC}") = "Proje02_VeriTabanliPartiSecimGrafikIstatistik", "Proje02_VeriTabanliPartiSecimGrafikIstatistik\Proje02_VeriTabanliPartiSecimGrafikIstatistik.csproj", "{EB8F143F-8C74-4B19-A418-5BCF0CDD1E49}"
EndProject
Project("{FAE04EC0-301F-11D3-BF4B-00C04F79EFBC}") = "Proje03_Passaparola", "Proje03_Passaparola\Proje03_Passaparola.csproj", "{45F6714A-817C-4C74-AA04-201B9C8F2912}"
EndProject
Project("{FAE04EC0-301F-11D3-BF4B-00C04F79EFBC}") = "Proje04_DovizOfisi", "Proje04_DovizOfisi\Proje04_DovizOfisi.csproj", "{3A8CD68A-C1BD-4EC8-B1F8-B51315F247A8}"
EndProject
Project("{FAE04EC0-301F-11D3-BF4B-00C04F79EFBC}") = "Proje05_FilmArsivim", "Proje05_FilmArsivim\Proje05_FilmArsivim.csproj", "{6C46768E-3C88-4273-B801-5372C871DBDE}"
EndProject
Project("{FAE04EC0-301F-11D3-BF4B-00C04F79EFBC}") = "Proje06_IliskiliHareketler", "Proje06_IliskiliHareketler\Proje06_IliskiliHareketler.csproj", "{6DF5D699-DE4D-46A3-8309-949153FB5B41}"
EndProject
Project("{FAE04EC0-301F-11D3-BF4B-00C04F79EFBC}") = "Proje07_KelimeOgren", "Proje07_KelimeOgren\Proje07_KelimeOgren.csproj", "{D0E370A6-79BD-4FC8-863A-39A02D3F9996}"
EndProject
Project("{FAE04EC0-301F-11D3-BF4B-00C04F79EFBC}") = "Proje08_NesneHareketler", "Proje08_NesneHareketler\Proje08_NesneHareketler.csproj", "{28A6185F-4BEB-4A55-B35C-7422784C6075}"
EndProject
Project("{FAE04EC0-301F-11D3-BF4B-00C04F79EFBC}") = "Proje09_Rehber", "Proje09_Rehber\Proje09_Rehber.csproj", "{623539AD-3D41-4BB9-A06B-1602C1FBEA77}"
EndProject
Project("{FAE04EC0-301F-11D3-BF4B-00C04F79EFBC}") = "Proje10_HareketTablosu", "Proje10_HareketTablosu\Proje10_HareketTablosu.csproj", "{278D5DC1-02AE-4435-BA86-E96FB0E408B8}"
EndProject
Project("{FAE04EC0-301F-11D3-BF4B-00C04F79EFBC}") = "Proje11_MesajTest", "Proje11_MesajTest\Proje11_MesajTest.csproj", "{2CC88E09-57DE-436E-9532-FED9F62F5A95}"
EndProject
Project("{FAE04EC0-301F-11D3-BF4B-00C04F79EFBC}") = "Proje12_SorguTest", "Proje12_SorguTest\Proje12_SorguTest.csproj", "{AFFF021C-5976-4629-9C9E-439C9891867C}"
EndProject
Project("{FAE04EC0-301F-11D3-BF4B-00C04F79EFBC}") = "Proje13_SifreliVeriler", "Proje13_SifreliVeriler\Proje13_SifreliVeriler.csproj", "{3EC9FD25-852B-4DCB-A6A3-FB9845CE9544}"
EndProject
Project("{FAE04EC0-301F-11D3-BF4B-00C04F79EFBC}") = "Proje14_BankaTest", "Proje14_BankaTest\Proje14_BankaTest.csproj", "{F951818D-8316-4412-B2FB-15E3046B2670}"
EndProject
Project("{FAE04EC0-301F-11D3-BF4B-00C04F79EFBC}") = "Proje15_EtutTest", "Proje15_EtutTest\Proje15_EtutTest.csproj", "{02B10278-7EF5-44EC-B6F7-56A9A6EE8D95}"
EndProject
Project("{FAE04EC0-301F-11D3-BF4B-00C04F79EFBC}") = "Proje16_TriggerTest", "Proje16_TriggerTest\Proje16_TriggerTest.csproj", "{2324A9DD-7527-4981-80DF-6E37FA670308}"
EndProject
Project("{FAE04EC0-301F-11D3-BF4B-00C04F79EFBC}") = "Proje17_TestSeferSeyahat", "Proje17_TestSeferSeyahat\Proje17_TestSeferSeyahat.csproj", "{CB0E563B-FA96-4F2A-BE9E-18294A42076A}"
EndProject
Project("{FAE04EC0-301F-11D3-BF4B-00C04F79EFBC}") = "Proje18_PetrolTest", "Proje18_PetrolTest\Proje18_PetrolTest.csproj", "{D6D78DD8-4543-4D31-879B-8749230E5E41}"
EndProject
Project("{FAE04EC0-301F-11D3-BF4B-00C04F79EFBC}") = "Proje19_Resim", "Proje19_Resim\Proje19_Resim.csproj", "{8E068B1F-0945-4FC7-BFF0-2711435BC5DF}"
EndProject
Project("{FAE04EC0-301F-11D3-BF4B-00C04F79EFBC}") = "Proje20_ExcelTest", "Proje20_ExcelTest\Proje20_ExcelTest.csproj", "{497C1DE8-D9DD-48CB-A9B7-DCC77FF6E58E}"
EndProject
Project("{FAE04EC0-301F-11D3-BF4B-00C04F79EFBC}") = "Proje21_MaliyetTest", "Proje21_MaliyetTest\Proje21_MaliyetTest.csproj", "{74BCEE81-1AA5-4599-B718-8C4CE1A0E557}"
EndProject
Project("{FAE04EC0-301F-11D3-BF4B-00C04F79EFBC}") = "Proje22_RssTest", "Proje22_RssTest\Proje22_RssTest.csproj", "{2E9F4B1A-6C88-470E-8BC5-011320ACB966}"
EndProject
Project("{FAE04EC0-301F-11D3-BF4B-00C04F79EFBC}") = "Proje23_ListOrnekTest", "Proje23_ListOrnekTest\Proje23_ListOrnekTest.csproj", "{1FE25061-8624-4D7F-B28A-640B58B673F1}"
EndProject
Project("{FAE04EC0-301F-11D3-BF4B-00C04F79EFBC}") = "Proje24_KitaplikTest", "Proje24_KitaplikTest\Proje24_KitaplikTest.csproj", "{FB568E5B-CE1A-4795-8125-95EE56FB9842}"
EndProject
Project("{FAE04EC0-301F-11D3-BF4B-00C04F79EFBC}") = "Proje25_Final", "Proje25_Final\Proje25_Final.csproj", "{D4BCB9B6-DBDA-479A-834E-037ADF0B7B39}"
EndProject
Global
	GlobalSection(SolutionConfigurationPlatforms) = preSolution
		Debug|Any CPU = Debug|Any CPU
		Release|Any CPU = Release|Any CPU
	EndGlobalSection
	GlobalSection(ProjectConfigurationPlatforms) = postSolution
		{3B4448F6-FEFF-422A-975A-1263CEF84B0E}.Debug|Any CPU.ActiveCfg = Debug|Any CPU
		{3B4448F6-FEFF-422A-975A-1263CEF84B0E}.Debug|Any CPU.Build.0 = Debug|Any CPU
		{3B4448F6-FEFF-422A-975A-1263CEF84B0E}.Release|Any CPU.ActiveCfg = Release|Any CPU
		{3B4448F6-FEFF-422A-975A-1263CEF84B0E}.Release|Any CPU.Build.0 = Release|Any CPU
		{EB8F143F-8C74-4B19-A418-5BCF0CDD1E49}.Debug|Any CPU.ActiveCfg = Debug|Any CPU
		{EB8F143F-8C74-4B19-A418-5BCF0CDD1E49}.Debug|Any CPU.Build.0 = Debug|Any CPU
		{EB8F143F-8C74-4B19-A418-5BCF0CDD1E49}.Release|Any CPU.ActiveCfg = Release|Any CPU
		{EB8F143F-8C74-4B19-A418-5BCF0CDD1E49}.Release|Any CPU.Build.0 = Release|Any CPU
		{45F6714A-817C-4C74-AA04-201B9C8F2912}.Debug|Any CPU.ActiveCfg = Debug|Any CPU
		{45F6714A-817C-4C74-AA04-201B9C8F2912}.Debug|Any CPU.Build.0 = Debug|Any CPU
		{45F6714A-817C-4C74-AA04-201B9C8F2912}.Release|Any CPU.ActiveCfg = Release|Any CPU
		{45F6714A-817C-4C74-AA04-201B9C8F2912}.Release|Any CPU.Build.0 = Release|Any CPU
		{3A8CD68A-C1BD-4EC8-B1F8-B51315F247A8}.Debug|Any CPU.ActiveCfg = Debug|Any CPU
		{3A8CD68A-C1BD-4EC8-B1F8-B51315F247A8}.Debug|Any CPU.Build.0 = Debug|Any CPU
		{3A8CD68A-C1BD-4EC8-B1F8-B51315F247A8}.Release|Any CPU.ActiveCfg = Release|Any CPU
		{3A8CD68A-C1BD-4EC8-B1F8-B51315F247A8}.Release|Any CPU.Build.0 = Release|Any CPU
		{6C46768E-3C88-4273-B801-5372C871DBDE}.Debug|Any CPU.ActiveCfg = Debug|Any CPU
		{6C46768E-3C88-4273-B801-5372C871DBDE}.Debug|Any CPU.Build.0 = Debug|Any CPU
		{6C46768E-3C88-4273-B801-5372C871DBDE}.Release|Any CPU.ActiveCfg = Release|Any CPU
		{6C46768E-3C88-4273-B801-5372C871DBDE}.Release|Any CPU.Build.0 = Release|Any CPU
		{6DF5D699-DE4D-46A3-8309-949153FB5B41}.Debug|Any CPU.ActiveCfg = Debug|Any CPU
		{6DF5D699-DE4D-46A3-8309-949153FB5B41}.Debug|Any CPU.Build.0 = Debug|Any CPU
		{6DF5D699-DE4D-46A3-8309-949153FB5B41}.Release|Any CPU.ActiveCfg = Release|Any CPU
		{6DF5D699-DE4D-46A3-8309-949153FB5B41}.Release|Any CPU.Build.0 = Release|Any CPU
		{D0E370A6-79BD-4FC8-863A-39A02D3F9996}.Debug|Any CPU.ActiveCfg = Debug|Any CPU
		{D0E370A6-79BD-4FC8-863A-39A02D3F9996}.Debug|Any CPU.Build.0 = Debug|Any CPU
		{D0E370A6-79BD-4FC8-863A-39A02D3F9996}.Release|Any CPU.ActiveCfg = Release|Any CPU
		{D0E370A6-79BD-4FC8-863A-39A02D3F9996}.Release|Any CPU.Build.0 = Release|Any CPU
		{28A6185F-4BEB-4A55-B35C-7422784C6075}.Debug|Any CPU.ActiveCfg = Debug|Any CPU
		{28A6185F-4BEB-4A55-B35C-7422784C6075}.Debug|Any CPU.Build.0 = Debug|Any CPU
		{28A6185F-4BEB-4A55-B35C-7422784C6075}.Release|Any CPU.ActiveCfg = Release|Any CPU
		{28A6185F-4BEB-4A55-B35C-7422784C6075}.Release|Any CPU.Build.0 = Release|Any CPU
		{623539AD-3D41-4BB9-A06B-1602C1FBEA77}.Debug|Any CPU.ActiveCfg = Debug|Any CPU
		{623539AD-3D41-4BB9-A06B-1602C1FBEA77}.Debug|Any CPU.Build.0 = Debug|Any CPU
		{623539AD-3D41-4BB9-A06B-1602C1FBEA77}.Release|Any CPU.ActiveCfg = Release|Any CPU
		{623539AD-3D41-4BB9-A06B-1602C1FBEA77}.Release|Any CPU.Build.0 = Release|Any CPU
		{278D5DC1-02AE-4435-BA86-E96FB0E408B8}.Debug|Any CPU.ActiveCfg = Debug|Any CPU
		{278D5DC1-02AE-4435-BA86-E96FB0E408B8}.Debug|Any CPU.Build.0 = Debug|Any CPU
		{278D5DC1-02AE-4435-BA86-E96FB0E408B8}.Release|Any CPU.ActiveCfg = Release|Any CPU
		{278D5DC1-02AE-4435-BA86-E96FB0E408B8}.Release|Any CPU.Build.0 = Release|Any CPU
		{2CC88E09-57DE-436E-9532-FED9F62F5A95}.Debug|Any CPU.ActiveCfg = Debug|Any CPU
		{2CC88E09-57DE-436E-9532-FED9F62F5A95}.Debug|Any CPU.Build.0 = Debug|Any CPU
		{2CC88E09-57DE-436E-9532-FED9F62F5A95}.Release|Any CPU.ActiveCfg = Release|Any CPU
		{2CC88E09-57DE-436E-9532-FED9F62F5A95}.Release|Any CPU.Build.0 = Release|Any CPU
		{AFFF021C-5976-4629-9C9E-439C9891867C}.Debug|Any CPU.ActiveCfg = Debug|Any CPU
		{AFFF021C-5976-4629-9C9E-439C9891867C}.Debug|Any CPU.Build.0 = Debug|Any CPU
		{AFFF021C-5976-4629-9C9E-439C9891867C}.Release|Any CPU.ActiveCfg = Release|Any CPU
		{AFFF021C-5976-4629-9C9E-439C9891867C}.Release|Any CPU.Build.0 = Release|Any CPU
		{3EC9FD25-852B-4DCB-A6A3-FB9845CE9544}.Debug|Any CPU.ActiveCfg = Debug|Any CPU
		{3EC9FD25-852B-4DCB-A6A3-FB9845CE9544}.Debug|Any CPU.Build.0 = Debug|Any CPU
		{3EC9FD25-852B-4DCB-A6A3-FB9845CE9544}.Release|Any CPU.ActiveCfg = Release|Any CPU
		{3EC9FD25-852B-4DCB-A6A3-FB9845CE9544}.Release|Any CPU.Build.0 = Release|Any CPU
		{F951818D-8316-4412-B2FB-15E3046B2670}.Debug|Any CPU.ActiveCfg = Debug|Any CPU
		{F951818D-8316-4412-B2FB-15E3046B2670}.Debug|Any CPU.Build.0 = Debug|Any CPU
		{F951818D-8316-4412-B2FB-15E3046B2670}.Release|Any CPU.ActiveCfg = Release|Any CPU
		{F951818D-8316-4412-B2FB-15E3046B2670}.Release|Any CPU.Build.0 = Release|Any CPU
		{02B10278-7EF5-44EC-B6F7-56A9A6EE8D95}.Debug|Any CPU.ActiveCfg = Debug|Any CPU
		{02B10278-7EF5-44EC-B6F7-56A9A6EE8D95}.Debug|Any CPU.Build.0 = Debug|Any CPU
		{02B10278-7EF5-44EC-B6F7-56A9A6EE8D95}.Release|Any CPU.ActiveCfg = Release|Any CPU
		{02B10278-7EF5-44EC-B6F7-56A9A6EE8D95}.Release|Any CPU.Build.0 = Release|Any CPU
		{2324A9DD-7527-4981-80DF-6E37FA670308}.Debug|Any CPU.ActiveCfg = Debug|Any CPU
		{2324A9DD-7527-4981-80DF-6E37FA670308}.Debug|Any CPU.Build.0 = Debug|Any CPU
		{2324A9DD-7527-4981-80DF-6E37FA670308}.Release|Any CPU.ActiveCfg = Release|Any CPU
		{2324A9DD-7527-4981-80DF-6E37FA670308}.Release|Any CPU.Build.0 = Release|Any CPU
		{CB0E563B-FA96-4F2A-BE9E-18294A42076A}.Debug|Any CPU.ActiveCfg = Debug|Any CPU
		{CB0E563B-FA96-4F2A-BE9E-18294A42076A}.Debug|Any CPU.Build.0 = Debug|Any CPU
		{CB0E563B-FA96-4F2A-BE9E-18294A42076A}.Release|Any CPU.ActiveCfg = Release|Any CPU
		{CB0E563B-FA96-4F2A-BE9E-18294A42076A}.Release|Any CPU.Build.0 = Release|Any CPU
		{D6D78DD8-4543-4D31-879B-8749230E5E41}.Debug|Any CPU.ActiveCfg = Debug|Any CPU
		{D6D78DD8-4543-4D31-879B-8749230E5E41}.Debug|Any CPU.Build.0 = Debug|Any CPU
		{D6D78DD8-4543-4D31-879B-8749230E5E41}.Release|Any CPU.ActiveCfg = Release|Any CPU
		{D6D78DD8-4543-4D31-879B-8749230E5E41}.Release|Any CPU.Build.0 = Release|Any CPU
		{8E068B1F-0945-4FC7-BFF0-2711435BC5DF}.Debug|Any CPU.ActiveCfg = Debug|Any CPU
		{8E068B1F-0945-4FC7-BFF0-2711435BC5DF}.Debug|Any CPU.Build.0 = Debug|Any CPU
		{8E068B1F-0945-4FC7-BFF0-2711435BC5DF}.Release|Any CPU.ActiveCfg = Release|Any CPU
		{8E068B1F-0945-4FC7-BFF0-2711435BC5DF}.Release|Any CPU.Build.0 = Release|Any CPU
		{497C1DE8-D9DD-48CB-A9B7-DCC77FF6E58E}.Debug|Any CPU.ActiveCfg = Debug|Any CPU
		{497C1DE8-D9DD-48CB-A9B7-DCC77FF6E58E}.Debug|Any CPU.Build.0 = Debug|Any CPU
		{497C1DE8-D9DD-48CB-A9B7-DCC77FF6E58E}.Release|Any CPU.ActiveCfg = Release|Any CPU
		{497C1DE8-D9DD-48CB-A9B7-DCC77FF6E58E}.Release|Any CPU.Build.0 = Release|Any CPU
		{74BCEE81-1AA5-4599-B718-8C4CE1A0E557}.Debug|Any CPU.ActiveCfg = Debug|Any CPU
		{74BCEE81-1AA5-4599-B718-8C4CE1A0E557}.Debug|Any CPU.Build.0 = Debug|Any CPU
		{74BCEE81-1AA5-4599-B718-8C4CE1A0E557}.Release|Any CPU.ActiveCfg = Release|Any CPU
		{74BCEE81-1AA5-4599-B718-8C4CE1A0E557}.Release|Any CPU.Build.0 = Release|Any CPU
		{2E9F4B1A-6C88-470E-8BC5-011320ACB966}.Debug|Any CPU.ActiveCfg = Debug|Any CPU
		{2E9F4B1A-6C88-470E-8BC5-011320ACB966}.Debug|Any CPU.Build.0 = Debug|Any CPU
		{2E9F4B1A-6C88-470E-8BC5-011320ACB966}.Release|Any CPU.ActiveCfg = Release|Any CPU
		{2E9F4B1A-6C88-470E-8BC5-011320ACB966}.Release|Any CPU.Build.0 = Release|Any CPU
		{1FE25061-8624-4D7F-B28A-640B58B673F1}.Debug|Any CPU.ActiveCfg = Debug|Any CPU
		{1FE25061-8624-4D7F-B28A-640B58B673F1}.Debug|Any CPU.Build.0 = Debug|Any CPU
		{1FE25061-8624-4D7F-B28A-640B58B673F1}.Release|Any CPU.ActiveCfg = Release|Any CPU
		{1FE25061-8624-4D7F-B28A-640B58B673F1}.Release|Any CPU.Build.0 = Release|Any CPU
		{FB568E5B-CE1A-4795-8125-95EE56FB9842}.Debug|Any CPU.ActiveCfg = Debug|Any CPU
		{FB568E5B-CE1A-4795-8125-95EE56FB9842}.Debug|Any CPU.Build.0 = Debug|Any CPU
		{FB568E5B-CE1A-4795-8125-95EE56FB9842}.Release|Any CPU.ActiveCfg = Release|Any CPU
		{FB568E5B-CE1A-4795-8125-95EE56FB9842}.Release|Any CPU.Build.0 = Release|Any CPU
		{D4BCB9B6-DBDA-479A-834E-037ADF0B7B39}.Debug|Any CPU.ActiveCfg = Debug|Any CPU
		{D4BCB9B6-DBDA-479A-834E-037ADF0B7B39}.Debug|Any CPU.Build.0 = Debug|Any CPU
		{D4BCB9B6-DBDA-479A-834E-037ADF0B7B39}.Release|Any CPU.ActiveCfg = Release|Any CPU
		{D4BCB9B6-DBDA-479A-834E-037ADF0B7B39}.Release|Any CPU.Build.0 = Release|Any CPU
	EndGlobalSection
	GlobalSection(SolutionProperties) = preSolution
		HideSolutionNode = FALSE
	EndGlobalSection
	GlobalSection(ExtensibilityGlobals) = postSolution
		SolutionGuid = {30DEA0F5-DCA2-4ACA-B65F-9BFAB09EF0A9}
	EndGlobalSection
EndGlobal
